
Microsoft Visual Studio Solution File, Format Version 12.00
# Visual Studio Version 17
VisualStudioVersion = 17.6.33723.286
MinimumVisualStudioVersion = 10.0.40219.1
Project("{FAE04EC0-301F-11D3-BF4B-00C04F79EFBC}") = "DataVirtualization", "DataVirtualization\DataVirtualization.csproj", "{48E0EB7C-30B3-4A98-89BC-732039BEF625}"
EndProject
Project("{FAE04EC0-301F-11D3-BF4B-00C04F79EFBC}") = "DataVirtualizationDemo", "DataVirtualizationDemo\DataVirtualizationDemo.csproj", "{722DDA67-EA49-4A83-BC07-0739C1A608A5}"
EndProject
Global
	GlobalSection(SolutionConfigurationPlatforms) = preSolution
		Debug|Any CPU = Debug|Any CPU
		Release|Any CPU = Release|Any CPU
	EndGlobalSection
	GlobalSection(ProjectConfigurationPlatforms) = postSolution
		{48E0EB7C-30B3-4A98-89BC-732039BEF625}.Debug|Any CPU.ActiveCfg = Debug|Any CPU
		{48E0EB7C-30B3-4A98-89BC-732039BEF625}.Debug|Any CPU.Build.0 = Debug|Any CPU
		{48E0EB7C-30B3-4A98-89BC-732039BEF625}.Release|Any CPU.ActiveCfg = Release|Any CPU
		{48E0EB7C-30B3-4A98-89BC-732039BEF625}.Release|Any CPU.Build.0 = Release|Any CPU
		{722DDA67-EA49-4A83-BC07-0739C1A608A5}.Debug|Any CPU.ActiveCfg = Debug|Any CPU
		{722DDA67-EA49-4A83-BC07-0739C1A608A5}.Debug|Any CPU.Build.0 = Debug|Any CPU
		{722DDA67-EA49-4A83-BC07-0739C1A608A5}.Release|Any CPU.ActiveCfg = Release|Any CPU
		{722DDA67-EA49-4A83-BC07-0739C1A608A5}.Release|Any CPU.Build.0 = Release|Any CPU
	EndGlobalSection
	GlobalSection(SolutionProperties) = preSolution
		HideSolutionNode = FALSE
	EndGlobalSection
	GlobalSection(ExtensibilityGlobals) = postSolution
		SolutionGuid = {471DBED8-DC84-4946-8F6A-A6412324AA33}
	EndGlobalSection
EndGlobal
